// !$*UTF8*$!
{
	archiveVersion = 1;
	classes = {
	};
	objectVersion = 55;
	objects = {

/* Begin PBXBuildFile section */
		0FD83D9DA296F10C6D577204 /* Pods_TodoList.framework in Frameworks */ = {isa = PBXBuildFile; fileRef = 3F882D8D085D6FF6AE206D77 /* Pods_TodoList.framework */; };
		3D261F4028EF743800A406CA /* TodoListViewController.swift in Sources */ = {isa = PBXBuildFile; fileRef = 3D261F3F28EF743800A406CA /* TodoListViewController.swift */; };
		3D6CD7CE28F0A7CB00B8295D /* SwipeTableViewController.swift in Sources */ = {isa = PBXBuildFile; fileRef = 3D6CD7CD28F0A7CB00B8295D /* SwipeTableViewController.swift */; };
		3D9504E428EE78BA002B1FAC /* AppDelegate.swift in Sources */ = {isa = PBXBuildFile; fileRef = 3D9504E328EE78BA002B1FAC /* AppDelegate.swift */; };
		3D9504E628EE78BA002B1FAC /* SceneDelegate.swift in Sources */ = {isa = PBXBuildFile; fileRef = 3D9504E528EE78BA002B1FAC /* SceneDelegate.swift */; };
		3D9504E828EE78BA002B1FAC /* CategoryViewController.swift in Sources */ = {isa = PBXBuildFile; fileRef = 3D9504E728EE78BA002B1FAC /* CategoryViewController.swift */; };
		3D9504EB28EE78BA002B1FAC /* Main.storyboard in Resources */ = {isa = PBXBuildFile; fileRef = 3D9504E928EE78BA002B1FAC /* Main.storyboard */; };
		3D9504ED28EE78BE002B1FAC /* Assets.xcassets in Resources */ = {isa = PBXBuildFile; fileRef = 3D9504EC28EE78BE002B1FAC /* Assets.xcassets */; };
		3D9504F028EE78BE002B1FAC /* LaunchScreen.storyboard in Resources */ = {isa = PBXBuildFile; fileRef = 3D9504EE28EE78BE002B1FAC /* LaunchScreen.storyboard */; };
		3D9504FA28EE8076002B1FAC /* Item.swift in Sources */ = {isa = PBXBuildFile; fileRef = 3D9504F928EE8076002B1FAC /* Item.swift */; };
		3D9504FD28EE9205002B1FAC /* Category.swift in Sources */ = {isa = PBXBuildFile; fileRef = 3D9504FC28EE9205002B1FAC /* Category.swift */; };
/* End PBXBuildFile section */

/* Begin PBXFileReference section */
		3D261F3F28EF743800A406CA /* TodoListViewController.swift */ = {isa = PBXFileReference; lastKnownFileType = sourcecode.swift; path = TodoListViewController.swift; sourceTree = "<group>"; };
		3D6CD7CD28F0A7CB00B8295D /* SwipeTableViewController.swift */ = {isa = PBXFileReference; lastKnownFileType = sourcecode.swift; path = SwipeTableViewController.swift; sourceTree = "<group>"; };
		3D9504E028EE78BA002B1FAC /* TodoList.app */ = {isa = PBXFileReference; explicitFileType = wrapper.application; includeInIndex = 0; path = TodoList.app; sourceTree = BUILT_PRODUCTS_DIR; };
		3D9504E328EE78BA002B1FAC /* AppDelegate.swift */ = {isa = PBXFileReference; lastKnownFileType = sourcecode.swift; path = AppDelegate.swift; sourceTree = "<group>"; };
		3D9504E528EE78BA002B1FAC /* SceneDelegate.swift */ = {isa = PBXFileReference; lastKnownFileType = sourcecode.swift; path = SceneDelegate.swift; sourceTree = "<group>"; };
		3D9504E728EE78BA002B1FAC /* CategoryViewController.swift */ = {isa = PBXFileReference; lastKnownFileType = sourcecode.swift; path = CategoryViewController.swift; sourceTree = "<group>"; };
		3D9504EA28EE78BA002B1FAC /* Base */ = {isa = PBXFileReference; lastKnownFileType = file.storyboard; name = Base; path = Base.lproj/Main.storyboard; sourceTree = "<group>"; };
		3D9504EC28EE78BE002B1FAC /* Assets.xcassets */ = {isa = PBXFileReference; lastKnownFileType = folder.assetcatalog; path = Assets.xcassets; sourceTree = "<group>"; };
		3D9504EF28EE78BE002B1FAC /* Base */ = {isa = PBXFileReference; lastKnownFileType = file.storyboard; name = Base; path = Base.lproj/LaunchScreen.storyboard; sourceTree = "<group>"; };
		3D9504F128EE78BE002B1FAC /* Info.plist */ = {isa = PBXFileReference; lastKnownFileType = text.plist.xml; path = Info.plist; sourceTree = "<group>"; };
		3D9504F928EE8076002B1FAC /* Item.swift */ = {isa = PBXFileReference; lastKnownFileType = sourcecode.swift; path = Item.swift; sourceTree = "<group>"; };
		3D9504FC28EE9205002B1FAC /* Category.swift */ = {isa = PBXFileReference; lastKnownFileType = sourcecode.swift; path = Category.swift; sourceTree = SOURCE_ROOT; };
		3F882D8D085D6FF6AE206D77 /* Pods_TodoList.framework */ = {isa = PBXFileReference; explicitFileType = wrapper.framework; includeInIndex = 0; path = Pods_TodoList.framework; sourceTree = BUILT_PRODUCTS_DIR; };
		4BA216F9CBDD762B8510C5B9 /* Pods-TodoList.release.xcconfig */ = {isa = PBXFileReference; includeInIndex = 1; lastKnownFileType = text.xcconfig; name = "Pods-TodoList.release.xcconfig"; path = "Target Support Files/Pods-TodoList/Pods-TodoList.release.xcconfig"; sourceTree = "<group>"; };
		DE99B2037C6AA229D31ADE3E /* Pods-TodoList.debug.xcconfig */ = {isa = PBXFileReference; includeInIndex = 1; lastKnownFileType = text.xcconfig; name = "Pods-TodoList.debug.xcconfig"; path = "Target Support Files/Pods-TodoList/Pods-TodoList.debug.xcconfig"; sourceTree = "<group>"; };
/* End PBXFileReference section */

/* Begin PBXFrameworksBuildPhase section */
		3D9504DD28EE78BA002B1FAC /* Frameworks */ = {
			isa = PBXFrameworksBuildPhase;
			buildActionMask = 2147483647;
			files = (
				0FD83D9DA296F10C6D577204 /* Pods_TodoList.framework in Frameworks */,
			);
			runOnlyForDeploymentPostprocessing = 0;
		};
/* End PBXFrameworksBuildPhase section */

/* Begin PBXGroup section */
		3D9504D728EE78BA002B1FAC = {
			isa = PBXGroup;
			children = (
				3D9504E228EE78BA002B1FAC /* TodoList */,
				3D9504E128EE78BA002B1FAC /* Products */,
				9D372E18E3076C8A7B080962 /* Pods */,
				E4DA99656512B2BEC8806B03 /* Frameworks */,
			);
			sourceTree = "<group>";
		};
		3D9504E128EE78BA002B1FAC /* Products */ = {
			isa = PBXGroup;
			children = (
				3D9504E028EE78BA002B1FAC /* TodoList.app */,
			);
			name = Products;
			sourceTree = "<group>";
		};
		3D9504E228EE78BA002B1FAC /* TodoList */ = {
			isa = PBXGroup;
			children = (
				3D9504E328EE78BA002B1FAC /* AppDelegate.swift */,
				3D9504E528EE78BA002B1FAC /* SceneDelegate.swift */,
				3D9504FB28EE807B002B1FAC /* Data Model */,
				3D9504F728EE78D8002B1FAC /* View */,
				3D9504F828EE7AB1002B1FAC /* Controller */,
				3D9504EC28EE78BE002B1FAC /* Assets.xcassets */,
				3D9504EE28EE78BE002B1FAC /* LaunchScreen.storyboard */,
				3D9504F128EE78BE002B1FAC /* Info.plist */,
			);
			path = TodoList;
			sourceTree = "<group>";
		};
		3D9504F728EE78D8002B1FAC /* View */ = {
			isa = PBXGroup;
			children = (
				3D9504E928EE78BA002B1FAC /* Main.storyboard */,
			);
			path = View;
			sourceTree = "<group>";
		};
		3D9504F828EE7AB1002B1FAC /* Controller */ = {
			isa = PBXGroup;
			children = (
				3D9504E728EE78BA002B1FAC /* CategoryViewController.swift */,
				3D261F3F28EF743800A406CA /* TodoListViewController.swift */,
				3D6CD7CD28F0A7CB00B8295D /* SwipeTableViewController.swift */,
			);
			path = Controller;
			sourceTree = "<group>";
		};
		3D9504FB28EE807B002B1FAC /* Data Model */ = {
			isa = PBXGroup;
			children = (
				3D9504FC28EE9205002B1FAC /* Category.swift */,
				3D9504F928EE8076002B1FAC /* Item.swift */,
			);
			path = "Data Model";
			sourceTree = "<group>";
		};
		9D372E18E3076C8A7B080962 /* Pods */ = {
			isa = PBXGroup;
			children = (
				DE99B2037C6AA229D31ADE3E /* Pods-TodoList.debug.xcconfig */,
				4BA216F9CBDD762B8510C5B9 /* Pods-TodoList.release.xcconfig */,
			);
			path = Pods;
			sourceTree = "<group>";
		};
		E4DA99656512B2BEC8806B03 /* Frameworks */ = {
			isa = PBXGroup;
			children = (
				3F882D8D085D6FF6AE206D77 /* Pods_TodoList.framework */,
			);
			name = Frameworks;
			sourceTree = "<group>";
		};
/* End PBXGroup section */

/* Begin PBXNativeTarget section */
		3D9504DF28EE78BA002B1FAC /* TodoList */ = {
			isa = PBXNativeTarget;
			buildConfigurationList = 3D9504F428EE78BE002B1FAC /* Build configuration list for PBXNativeTarget "TodoList" */;
			buildPhases = (
				0093F80604D8899D2A29C04A /* [CP] Check Pods Manifest.lock */,
				3D9504DC28EE78BA002B1FAC /* Sources */,
				3D9504DD28EE78BA002B1FAC /* Frameworks */,
				3D9504DE28EE78BA002B1FAC /* Resources */,
				F63B07BD2712D0213E921899 /* [CP] Embed Pods Frameworks */,
			);
			buildRules = (
			);
			dependencies = (
			);
			name = TodoList;
			productName = TodoList;
			productReference = 3D9504E028EE78BA002B1FAC /* TodoList.app */;
			productType = "com.apple.product-type.application";
		};
/* End PBXNativeTarget section */

/* Begin PBXProject section */
		3D9504D828EE78BA002B1FAC /* Project object */ = {
			isa = PBXProject;
			attributes = {
				BuildIndependentTargetsInParallel = 1;
				LastSwiftUpdateCheck = 1330;
				LastUpgradeCheck = 1330;
				TargetAttributes = {
					3D9504DF28EE78BA002B1FAC = {
						CreatedOnToolsVersion = 13.3.1;
					};
				};
			};
			buildConfigurationList = 3D9504DB28EE78BA002B1FAC /* Build configuration list for PBXProject "TodoList" */;
			compatibilityVersion = "Xcode 13.0";
			developmentRegion = en;
			hasScannedForEncodings = 0;
			knownRegions = (
				en,
				Base,
			);
			mainGroup = 3D9504D728EE78BA002B1FAC;
			productRefGroup = 3D9504E128EE78BA002B1FAC /* Products */;
			projectDirPath = "";
			projectRoot = "";
			targets = (
				3D9504DF28EE78BA002B1FAC /* TodoList */,
			);
		};
/* End PBXProject section */

/* Begin PBXResourcesBuildPhase section */
		3D9504DE28EE78BA002B1FAC /* Resources */ = {
			isa = PBXResourcesBuildPhase;
			buildActionMask = 2147483647;
			files = (
				3D9504F028EE78BE002B1FAC /* LaunchScreen.storyboard in Resources */,
				3D9504ED28EE78BE002B1FAC /* Assets.xcassets in Resources */,
				3D9504EB28EE78BA002B1FAC /* Main.storyboard in Resources */,
			);
			runOnlyForDeploymentPostprocessing = 0;
		};
/* End PBXResourcesBuildPhase section */

/* Begin PBXShellScriptBuildPhase section */
		0093F80604D8899D2A29C04A /* [CP] Check Pods Manifest.lock */ = {
			isa = PBXShellScriptBuildPhase;
			buildActionMask = 2147483647;
			files = (
			);
			inputFileListPaths = (
			);
			inputPaths = (
				"${PODS_PODFILE_DIR_PATH}/Podfile.lock",
				"${PODS_ROOT}/Manifest.lock",
			);
			name = "[CP] Check Pods Manifest.lock";
			outputFileListPaths = (
			);
			outputPaths = (
				"$(DERIVED_FILE_DIR)/Pods-TodoList-checkManifestLockResult.txt",
			);
			runOnlyForDeploymentPostprocessing = 0;
			shellPath = /bin/sh;
			shellScript = "diff \"${PODS_PODFILE_DIR_PATH}/Podfile.lock\" \"${PODS_ROOT}/Manifest.lock\" > /dev/null\nif [ $? != 0 ] ; then\n    # print error to STDERR\n    echo \"error: The sandbox is not in sync with the Podfile.lock. Run 'pod install' or update your CocoaPods installation.\" >&2\n    exit 1\nfi\n# This output is used by Xcode 'outputs' to avoid re-running this script phase.\necho \"SUCCESS\" > \"${SCRIPT_OUTPUT_FILE_0}\"\n";
			showEnvVarsInLog = 0;
		};
		F63B07BD2712D0213E921899 /* [CP] Embed Pods Frameworks */ = {
			isa = PBXShellScriptBuildPhase;
			buildActionMask = 2147483647;
			files = (
			);
			inputFileListPaths = (
				"${PODS_ROOT}/Target Support Files/Pods-TodoList/Pods-TodoList-frameworks-${CONFIGURATION}-input-files.xcfilelist",
			);
			name = "[CP] Embed Pods Frameworks";
			outputFileListPaths = (
				"${PODS_ROOT}/Target Support Files/Pods-TodoList/Pods-TodoList-frameworks-${CONFIGURATION}-output-files.xcfilelist",
			);
			runOnlyForDeploymentPostprocessing = 0;
			shellPath = /bin/sh;
			shellScript = "\"${PODS_ROOT}/Target Support Files/Pods-TodoList/Pods-TodoList-frameworks.sh\"\n";
			showEnvVarsInLog = 0;
		};
/* End PBXShellScriptBuildPhase section */

/* Begin PBXSourcesBuildPhase section */
		3D9504DC28EE78BA002B1FAC /* Sources */ = {
			isa = PBXSourcesBuildPhase;
			buildActionMask = 2147483647;
			files = (
				3D261F4028EF743800A406CA /* TodoListViewController.swift in Sources */,
				3D9504E828EE78BA002B1FAC /* CategoryViewController.swift in Sources */,
				3D9504FD28EE9205002B1FAC /* Category.swift in Sources */,
				3D6CD7CE28F0A7CB00B8295D /* SwipeTableViewController.swift in Sources */,
				3D9504E428EE78BA002B1FAC /* AppDelegate.swift in Sources */,
				3D9504E628EE78BA002B1FAC /* SceneDelegate.swift in Sources */,
				3D9504FA28EE8076002B1FAC /* Item.swift in Sources */,
			);
			runOnlyForDeploymentPostprocessing = 0;
		};
/* End PBXSourcesBuildPhase section */

/* Begin PBXVariantGroup section */
		3D9504E928EE78BA002B1FAC /* Main.storyboard */ = {
			isa = PBXVariantGroup;
			children = (
				3D9504EA28EE78BA002B1FAC /* Base */,
			);
			name = Main.storyboard;
			sourceTree = "<group>";
		};
		3D9504EE28EE78BE002B1FAC /* LaunchScreen.storyboard */ = {
			isa = PBXVariantGroup;
			children = (
				3D9504EF28EE78BE002B1FAC /* Base */,
			);
			name = LaunchScreen.storyboard;
			sourceTree = "<group>";
		};
/* End PBXVariantGroup section */

/* Begin XCBuildConfiguration section */
		3D9504F228EE78BE002B1FAC /* Debug */ = {
			isa = XCBuildConfiguration;
			buildSettings = {
				ALWAYS_SEARCH_USER_PATHS = NO;
				CLANG_ANALYZER_NONNULL = YES;
				CLANG_ANALYZER_NUMBER_OBJECT_CONVERSION = YES_AGGRESSIVE;
				CLANG_CXX_LANGUAGE_STANDARD = "gnu++17";
				CLANG_ENABLE_MODULES = YES;
				CLANG_ENABLE_OBJC_ARC = YES;
				CLANG_ENABLE_OBJC_WEAK = YES;
				CLANG_WARN_BLOCK_CAPTURE_AUTORELEASING = YES;
				CLANG_WARN_BOOL_CONVERSION = YES;
				CLANG_WARN_COMMA = YES;
				CLANG_WARN_CONSTANT_CONVERSION = YES;
				CLANG_WARN_DEPRECATED_OBJC_IMPLEMENTATIONS = YES;
				CLANG_WARN_DIRECT_OBJC_ISA_USAGE = YES_ERROR;
				CLANG_WARN_DOCUMENTATION_COMMENTS = YES;
				CLANG_WARN_EMPTY_BODY = YES;
				CLANG_WARN_ENUM_CONVERSION = YES;
				CLANG_WARN_INFINITE_RECURSION = YES;
				CLANG_WARN_INT_CONVERSION = YES;
				CLANG_WARN_NON_LITERAL_NULL_CONVERSION = YES;
				CLANG_WARN_OBJC_IMPLICIT_RETAIN_SELF = YES;
				CLANG_WARN_OBJC_LITERAL_CONVERSION = YES;
				CLANG_WARN_OBJC_ROOT_CLASS = YES_ERROR;
				CLANG_WARN_QUOTED_INCLUDE_IN_FRAMEWORK_HEADER = YES;
				CLANG_WARN_RANGE_LOOP_ANALYSIS = YES;
				CLANG_WARN_STRICT_PROTOTYPES = YES;
				CLANG_WARN_SUSPICIOUS_MOVE = YES;
				CLANG_WARN_UNGUARDED_AVAILABILITY = YES_AGGRESSIVE;
				CLANG_WARN_UNREACHABLE_CODE = YES;
				CLANG_WARN__DUPLICATE_METHOD_MATCH = YES;
				COPY_PHASE_STRIP = NO;
				DEBUG_INFORMATION_FORMAT = dwarf;
				ENABLE_STRICT_OBJC_MSGSEND = YES;
				ENABLE_TESTABILITY = YES;
				GCC_C_LANGUAGE_STANDARD = gnu11;
				GCC_DYNAMIC_NO_PIC = NO;
				GCC_NO_COMMON_BLOCKS = YES;
				GCC_OPTIMIZATION_LEVEL = 0;
				GCC_PREPROCESSOR_DEFINITIONS = (
					"DEBUG=1",
					"$(inherited)",
				);
				GCC_WARN_64_TO_32_BIT_CONVERSION = YES;
				GCC_WARN_ABOUT_RETURN_TYPE = YES_ERROR;
				GCC_WARN_UNDECLARED_SELECTOR = YES;
				GCC_WARN_UNINITIALIZED_AUTOS = YES_AGGRESSIVE;
				GCC_WARN_UNUSED_FUNCTION = YES;
				GCC_WARN_UNUSED_VARIABLE = YES;
				IPHONEOS_DEPLOYMENT_TARGET = 15.4;
				MTL_ENABLE_DEBUG_INFO = INCLUDE_SOURCE;
				MTL_FAST_MATH = YES;
				ONLY_ACTIVE_ARCH = YES;
				SDKROOT = iphoneos;
				SWIFT_ACTIVE_COMPILATION_CONDITIONS = DEBUG;
				SWIFT_OPTIMIZATION_LEVEL = "-Onone";
			};
			name = Debug;
		};
		3D9504F328EE78BE002B1FAC /* Release */ = {
			isa = XCBuildConfiguration;
			buildSettings = {
				ALWAYS_SEARCH_USER_PATHS = NO;
				CLANG_ANALYZER_NONNULL = YES;
				CLANG_ANALYZER_NUMBER_OBJECT_CONVERSION = YES_AGGRESSIVE;
				CLANG_CXX_LANGUAGE_STANDARD = "gnu++17";
				CLANG_ENABLE_MODULES = YES;
				CLANG_ENABLE_OBJC_ARC = YES;
				CLANG_ENABLE_OBJC_WEAK = YES;
				CLANG_WARN_BLOCK_CAPTURE_AUTORELEASING = YES;
				CLANG_WARN_BOOL_CONVERSION = YES;
				CLANG_WARN_COMMA = YES;
				CLANG_WARN_CONSTANT_CONVERSION = YES;
				CLANG_WARN_DEPRECATED_OBJC_IMPLEMENTATIONS = YES;
				CLANG_WARN_DIRECT_OBJC_ISA_USAGE = YES_ERROR;
				CLANG_WARN_DOCUMENTATION_COMMENTS = YES;
				CLANG_WARN_EMPTY_BODY = YES;
				CLANG_WARN_ENUM_CONVERSION = YES;
				CLANG_WARN_INFINITE_RECURSION = YES;
				CLANG_WARN_INT_CONVERSION = YES;
				CLANG_WARN_NON_LITERAL_NULL_CONVERSION = YES;
				CLANG_WARN_OBJC_IMPLICIT_RETAIN_SELF = YES;
				CLANG_WARN_OBJC_LITERAL_CONVERSION = YES;
				CLANG_WARN_OBJC_ROOT_CLASS = YES_ERROR;
				CLANG_WARN_QUOTED_INCLUDE_IN_FRAMEWORK_HEADER = YES;
				CLANG_WARN_RANGE_LOOP_ANALYSIS = YES;
				CLANG_WARN_STRICT_PROTOTYPES = YES;
				CLANG_WARN_SUSPICIOUS_MOVE = YES;
				CLANG_WARN_UNGUARDED_AVAILABILITY = YES_AGGRESSIVE;
				CLANG_WARN_UNREACHABLE_CODE = YES;
				CLANG_WARN__DUPLICATE_METHOD_MATCH = YES;
				COPY_PHASE_STRIP = NO;
				DEBUG_INFORMATION_FORMAT = "dwarf-with-dsym";
				ENABLE_NS_ASSERTIONS = NO;
				ENABLE_STRICT_OBJC_MSGSEND = YES;
				GCC_C_LANGUAGE_STANDARD = gnu11;
				GCC_NO_COMMON_BLOCKS = YES;
				GCC_WARN_64_TO_32_BIT_CONVERSION = YES;
				GCC_WARN_ABOUT_RETURN_TYPE = YES_ERROR;
				GCC_WARN_UNDECLARED_SELECTOR = YES;
				GCC_WARN_UNINITIALIZED_AUTOS = YES_AGGRESSIVE;
				GCC_WARN_UNUSED_FUNCTION = YES;
				GCC_WARN_UNUSED_VARIABLE = YES;
				IPHONEOS_DEPLOYMENT_TARGET = 15.4;
				MTL_ENABLE_DEBUG_INFO = NO;
				MTL_FAST_MATH = YES;
				SDKROOT = iphoneos;
				SWIFT_COMPILATION_MODE = wholemodule;
				SWIFT_OPTIMIZATION_LEVEL = "-O";
				VALIDATE_PRODUCT = YES;
			};
			name = Release;
		};
		3D9504F528EE78BE002B1FAC /* Debug */ = {
			isa = XCBuildConfiguration;
			baseConfigurationReference = DE99B2037C6AA229D31ADE3E /* Pods-TodoList.debug.xcconfig */;
			buildSettings = {
				ASSETCATALOG_COMPILER_APPICON_NAME = AppIcon;
				ASSETCATALOG_COMPILER_GLOBAL_ACCENT_COLOR_NAME = AccentColor;
				CODE_SIGN_STYLE = Automatic;
				CURRENT_PROJECT_VERSION = 1;
				GENERATE_INFOPLIST_FILE = YES;
				INFOPLIST_FILE = TodoList/Info.plist;
				INFOPLIST_KEY_UIApplicationSupportsIndirectInputEvents = YES;
				INFOPLIST_KEY_UILaunchStoryboardName = LaunchScreen;
				INFOPLIST_KEY_UIMainStoryboardFile = Main;
				INFOPLIST_KEY_UISupportedInterfaceOrientations_iPad = "UIInterfaceOrientationPortrait UIInterfaceOrientationPortraitUpsideDown UIInterfaceOrientationLandscapeLeft UIInterfaceOrientationLandscapeRight";
				INFOPLIST_KEY_UISupportedInterfaceOrientations_iPhone = "UIInterfaceOrientationPortrait UIInterfaceOrientationLandscapeLeft UIInterfaceOrientationLandscapeRight";
				LD_RUNPATH_SEARCH_PATHS = (
					"$(inherited)",
					"@executable_path/Frameworks",
				);
				MARKETING_VERSION = 1.0;
				PRODUCT_BUNDLE_IDENTIFIER = PML.TodoList;
				PRODUCT_NAME = "$(TARGET_NAME)";
				SWIFT_EMIT_LOC_STRINGS = YES;
				SWIFT_VERSION = 5.0;
				TARGETED_DEVICE_FAMILY = "1,2";
			};
			name = Debug;
		};
		3D9504F628EE78BE002B1FAC /* Release */ = {
			isa = XCBuildConfiguration;
			baseConfigurationReference = 4BA216F9CBDD762B8510C5B9 /* Pods-TodoList.release.xcconfig */;
			buildSettings = {
				ASSETCATALOG_COMPILER_APPICON_NAME = AppIcon;
				ASSETCATALOG_COMPILER_GLOBAL_ACCENT_COLOR_NAME = AccentColor;
				CODE_SIGN_STYLE = Automatic;
				CURRENT_PROJECT_VERSION = 1;
				GENERATE_INFOPLIST_FILE = YES;
				INFOPLIST_FILE = TodoList/Info.plist;
				INFOPLIST_KEY_UIApplicationSupportsIndirectInputEvents = YES;
				INFOPLIST_KEY_UILaunchStoryboardName = LaunchScreen;
				INFOPLIST_KEY_UIMainStoryboardFile = Main;
				INFOPLIST_KEY_UISupportedInterfaceOrientations_iPad = "UIInterfaceOrientationPortrait UIInterfaceOrientationPortraitUpsideDown UIInterfaceOrientationLandscapeLeft UIInterfaceOrientationLandscapeRight";
				INFOPLIST_KEY_UISupportedInterfaceOrientations_iPhone = "UIInterfaceOrientationPortrait UIInterfaceOrientationLandscapeLeft UIInterfaceOrientationLandscapeRight";
				LD_RUNPATH_SEARCH_PATHS = (
					"$(inherited)",
					"@executable_path/Frameworks",
				);
				MARKETING_VERSION = 1.0;
				PRODUCT_BUNDLE_IDENTIFIER = PML.TodoList;
				PRODUCT_NAME = "$(TARGET_NAME)";
				SWIFT_EMIT_LOC_STRINGS = YES;
				SWIFT_VERSION = 5.0;
				TARGETED_DEVICE_FAMILY = "1,2";
			};
			name = Release;
		};
/* End XCBuildConfiguration section */

/* Begin XCConfigurationList section */
		3D9504DB28EE78BA002B1FAC /* Build configuration list for PBXProject "TodoList" */ = {
			isa = XCConfigurationList;
			buildConfigurations = (
				3D9504F228EE78BE002B1FAC /* Debug */,
				3D9504F328EE78BE002B1FAC /* Release */,
			);
			defaultConfigurationIsVisible = 0;
			defaultConfigurationName = Release;
		};
		3D9504F428EE78BE002B1FAC /* Build configuration list for PBXNativeTarget "TodoList" */ = {
			isa = XCConfigurationList;
			buildConfigurations = (
				3D9504F528EE78BE002B1FAC /* Debug */,
				3D9504F628EE78BE002B1FAC /* Release */,
			);
			defaultConfigurationIsVisible = 0;
			defaultConfigurationName = Release;
		};
/* End XCConfigurationList section */
	};
	rootObject = 3D9504D828EE78BA002B1FAC /* Project object */;
}
